
Microsoft Visual Studio Solution File, Format Version 12.00
# Visual Studio 2012
Project("{FAE04EC0-301F-11D3-BF4B-00C04F79EFBC}") = "UnityVS.CubeTactics.CSharp", "UnityVS.CubeTactics.CSharp.csproj", "{B9FD7C63-5A9D-2182-05AB-8DFC3C30103D}"
EndProject
Project("{FAE04EC0-301F-11D3-BF4B-00C04F79EFBC}") = "UnityVS.CubeTactics.CSharp.Plugins", "UnityVS.CubeTactics.CSharp.Plugins.csproj", "{5B123208-D45C-4D24-3BA4-1E97240B643B}"
EndProject
Project("{FAE04EC0-301F-11D3-BF4B-00C04F79EFBC}") = "UnityVS.CubeTactics.CSharp.Editor", "UnityVS.CubeTactics.CSharp.Editor.csproj", "{1739343A-170C-D1CB-B85B-CC80DFC313BE}"
EndProject
Global
	GlobalSection(SolutionConfigurationPlatforms) = preSolution
		Debug|Any CPU = Debug|Any CPU
		Release|Any CPU = Release|Any CPU
	EndGlobalSection
	GlobalSection(ProjectConfigurationPlatforms) = postSolution
		{B9FD7C63-5A9D-2182-05AB-8DFC3C30103D}.Debug|Any CPU.ActiveCfg = Debug|Any CPU
		{B9FD7C63-5A9D-2182-05AB-8DFC3C30103D}.Debug|Any CPU.Build.0 = Debug|Any CPU
		{B9FD7C63-5A9D-2182-05AB-8DFC3C30103D}.Release|Any CPU.ActiveCfg = Release|Any CPU
		{B9FD7C63-5A9D-2182-05AB-8DFC3C30103D}.Release|Any CPU.Build.0 = Release|Any CPU
		{5B123208-D45C-4D24-3BA4-1E97240B643B}.Debug|Any CPU.ActiveCfg = Debug|Any CPU
		{5B123208-D45C-4D24-3BA4-1E97240B643B}.Debug|Any CPU.Build.0 = Debug|Any CPU
		{5B123208-D45C-4D24-3BA4-1E97240B643B}.Release|Any CPU.ActiveCfg = Release|Any CPU
		{5B123208-D45C-4D24-3BA4-1E97240B643B}.Release|Any CPU.Build.0 = Release|Any CPU
		{1739343A-170C-D1CB-B85B-CC80DFC313BE}.Debug|Any CPU.ActiveCfg = Debug|Any CPU
		{1739343A-170C-D1CB-B85B-CC80DFC313BE}.Debug|Any CPU.Build.0 = Debug|Any CPU
		{1739343A-170C-D1CB-B85B-CC80DFC313BE}.Release|Any CPU.ActiveCfg = Release|Any CPU
		{1739343A-170C-D1CB-B85B-CC80DFC313BE}.Release|Any CPU.Build.0 = Release|Any CPU
	EndGlobalSection
	GlobalSection(SolutionProperties) = preSolution
		HideSolutionNode = FALSE
	EndGlobalSection
EndGlobal
